// !$*UTF8*$!
{
	archiveVersion = 1;
	classes = {
	};
	objectVersion = 46;
	objects = {

/* Begin PBXBuildFile section */
		4A0B4EBF169C9913003D66AD /* CommentInputAccessoryViewListener.m in Sources */ = {isa = PBXBuildFile; fileRef = 4A0B4EBE169C9913003D66AD /* CommentInputAccessoryViewListener.m */; };
		4A14EBE8169BCB260089250E /* UIKit.framework in Frameworks */ = {isa = PBXBuildFile; fileRef = 4A14EBE7169BCB260089250E /* UIKit.framework */; };
		4A14EBEA169BCB260089250E /* Foundation.framework in Frameworks */ = {isa = PBXBuildFile; fileRef = 4A14EBE9169BCB260089250E /* Foundation.framework */; };
		4A14EBEC169BCB260089250E /* CoreGraphics.framework in Frameworks */ = {isa = PBXBuildFile; fileRef = 4A14EBEB169BCB260089250E /* CoreGraphics.framework */; };
		4A14EBF2169BCB260089250E /* InfoPlist.strings in Resources */ = {isa = PBXBuildFile; fileRef = 4A14EBF0169BCB260089250E /* InfoPlist.strings */; };
		4A14EBF4169BCB260089250E /* main.m in Sources */ = {isa = PBXBuildFile; fileRef = 4A14EBF3169BCB260089250E /* main.m */; };
		4A14EBF8169BCB260089250E /* AppDelegate.m in Sources */ = {isa = PBXBuildFile; fileRef = 4A14EBF7169BCB260089250E /* AppDelegate.m */; };
		4A14EBFA169BCB260089250E /* Default.png in Resources */ = {isa = PBXBuildFile; fileRef = 4A14EBF9169BCB260089250E /* Default.png */; };
		4A14EBFC169BCB260089250E /* Default@2x.png in Resources */ = {isa = PBXBuildFile; fileRef = 4A14EBFB169BCB260089250E /* Default@2x.png */; };
		4A14EBFE169BCB260089250E /* Default-568h@2x.png in Resources */ = {isa = PBXBuildFile; fileRef = 4A14EBFD169BCB260089250E /* Default-568h@2x.png */; };
		4A14EC01169BCB260089250E /* MainStoryboard.storyboard in Resources */ = {isa = PBXBuildFile; fileRef = 4A14EBFF169BCB260089250E /* MainStoryboard.storyboard */; };
		4A14EC04169BCB260089250E /* ViewController.m in Sources */ = {isa = PBXBuildFile; fileRef = 4A14EC03169BCB260089250E /* ViewController.m */; };
		4A14EC0B169BCB3D0089250E /* CommentInputAccessoryView.xib in Resources */ = {isa = PBXBuildFile; fileRef = 4A14EC0A169BCB3D0089250E /* CommentInputAccessoryView.xib */; };
		4A14EC16169BD8030089250E /* CommentInputAccessoryView.m in Sources */ = {isa = PBXBuildFile; fileRef = 4A14EC15169BD8030089250E /* CommentInputAccessoryView.m */; };
		4A14EC18169BD8E30089250E /* CommentInputAccessoryContainer.xib in Resources */ = {isa = PBXBuildFile; fileRef = 4A14EC17169BD8E30089250E /* CommentInputAccessoryContainer.xib */; };
		4A14EC28169BDFBB0089250E /* CustomKeyboardController.m in Sources */ = {isa = PBXBuildFile; fileRef = 4A14EC26169BDFBB0089250E /* CustomKeyboardController.m */; };
		4A14EC29169BDFBB0089250E /* CustomKeyboardController.xib in Resources */ = {isa = PBXBuildFile; fileRef = 4A14EC27169BDFBB0089250E /* CustomKeyboardController.xib */; };
/* End PBXBuildFile section */

/* Begin PBXFileReference section */
		4A0B4EBD169C9913003D66AD /* CommentInputAccessoryViewListener.h */ = {isa = PBXFileReference; fileEncoding = 4; lastKnownFileType = sourcecode.c.h; path = CommentInputAccessoryViewListener.h; sourceTree = "<group>"; };
		4A0B4EBE169C9913003D66AD /* CommentInputAccessoryViewListener.m */ = {isa = PBXFileReference; fileEncoding = 4; lastKnownFileType = sourcecode.c.objc; path = CommentInputAccessoryViewListener.m; sourceTree = "<group>"; };
		4A14EBE3169BCB260089250E /* TextViewAccessoryViewTest.app */ = {isa = PBXFileReference; explicitFileType = wrapper.application; includeInIndex = 0; path = TextViewAccessoryViewTest.app; sourceTree = BUILT_PRODUCTS_DIR; };
		4A14EBE7169BCB260089250E /* UIKit.framework */ = {isa = PBXFileReference; lastKnownFileType = wrapper.framework; name = UIKit.framework; path = System/Library/Frameworks/UIKit.framework; sourceTree = SDKROOT; };
		4A14EBE9169BCB260089250E /* Foundation.framework */ = {isa = PBXFileReference; lastKnownFileType = wrapper.framework; name = Foundation.framework; path = System/Library/Frameworks/Foundation.framework; sourceTree = SDKROOT; };
		4A14EBEB169BCB260089250E /* CoreGraphics.framework */ = {isa = PBXFileReference; lastKnownFileType = wrapper.framework; name = CoreGraphics.framework; path = System/Library/Frameworks/CoreGraphics.framework; sourceTree = SDKROOT; };
		4A14EBEF169BCB260089250E /* TextViewAccessoryViewTest-Info.plist */ = {isa = PBXFileReference; lastKnownFileType = text.plist.xml; path = "TextViewAccessoryViewTest-Info.plist"; sourceTree = "<group>"; };
		4A14EBF1169BCB260089250E /* en */ = {isa = PBXFileReference; lastKnownFileType = text.plist.strings; name = en; path = en.lproj/InfoPlist.strings; sourceTree = "<group>"; };
		4A14EBF3169BCB260089250E /* main.m */ = {isa = PBXFileReference; lastKnownFileType = sourcecode.c.objc; path = main.m; sourceTree = "<group>"; };
		4A14EBF5169BCB260089250E /* TextViewAccessoryViewTest-Prefix.pch */ = {isa = PBXFileReference; lastKnownFileType = sourcecode.c.h; path = "TextViewAccessoryViewTest-Prefix.pch"; sourceTree = "<group>"; };
		4A14EBF6169BCB260089250E /* AppDelegate.h */ = {isa = PBXFileReference; lastKnownFileType = sourcecode.c.h; path = AppDelegate.h; sourceTree = "<group>"; };
		4A14EBF7169BCB260089250E /* AppDelegate.m */ = {isa = PBXFileReference; lastKnownFileType = sourcecode.c.objc; path = AppDelegate.m; sourceTree = "<group>"; };
		4A14EBF9169BCB260089250E /* Default.png */ = {isa = PBXFileReference; lastKnownFileType = image.png; path = Default.png; sourceTree = "<group>"; };
		4A14EBFB169BCB260089250E /* Default@2x.png */ = {isa = PBXFileReference; lastKnownFileType = image.png; path = "Default@2x.png"; sourceTree = "<group>"; };
		4A14EBFD169BCB260089250E /* Default-568h@2x.png */ = {isa = PBXFileReference; lastKnownFileType = image.png; path = "Default-568h@2x.png"; sourceTree = "<group>"; };
		4A14EC00169BCB260089250E /* en */ = {isa = PBXFileReference; lastKnownFileType = file.storyboard; name = en; path = en.lproj/MainStoryboard.storyboard; sourceTree = "<group>"; };
		4A14EC02169BCB260089250E /* ViewController.h */ = {isa = PBXFileReference; lastKnownFileType = sourcecode.c.h; path = ViewController.h; sourceTree = "<group>"; };
		4A14EC03169BCB260089250E /* ViewController.m */ = {isa = PBXFileReference; lastKnownFileType = sourcecode.c.objc; path = ViewController.m; sourceTree = "<group>"; };
		4A14EC0A169BCB3D0089250E /* CommentInputAccessoryView.xib */ = {isa = PBXFileReference; fileEncoding = 4; lastKnownFileType = file.xib; path = CommentInputAccessoryView.xib; sourceTree = "<group>"; };
		4A14EC14169BD8030089250E /* CommentInputAccessoryView.h */ = {isa = PBXFileReference; fileEncoding = 4; lastKnownFileType = sourcecode.c.h; path = CommentInputAccessoryView.h; sourceTree = "<group>"; };
		4A14EC15169BD8030089250E /* CommentInputAccessoryView.m */ = {isa = PBXFileReference; fileEncoding = 4; lastKnownFileType = sourcecode.c.objc; path = CommentInputAccessoryView.m; sourceTree = "<group>"; };
		4A14EC17169BD8E30089250E /* CommentInputAccessoryContainer.xib */ = {isa = PBXFileReference; fileEncoding = 4; lastKnownFileType = file.xib; path = CommentInputAccessoryContainer.xib; sourceTree = "<group>"; };
		4A14EC25169BDFBB0089250E /* CustomKeyboardController.h */ = {isa = PBXFileReference; fileEncoding = 4; lastKnownFileType = sourcecode.c.h; path = CustomKeyboardController.h; sourceTree = "<group>"; };
		4A14EC26169BDFBB0089250E /* CustomKeyboardController.m */ = {isa = PBXFileReference; fileEncoding = 4; lastKnownFileType = sourcecode.c.objc; path = CustomKeyboardController.m; sourceTree = "<group>"; };
		4A14EC27169BDFBB0089250E /* CustomKeyboardController.xib */ = {isa = PBXFileReference; fileEncoding = 4; lastKnownFileType = file.xib; path = CustomKeyboardController.xib; sourceTree = "<group>"; };
/* End PBXFileReference section */

/* Begin PBXFrameworksBuildPhase section */
		4A14EBE0169BCB260089250E /* Frameworks */ = {
			isa = PBXFrameworksBuildPhase;
			buildActionMask = 2147483647;
			files = (
				4A14EBE8169BCB260089250E /* UIKit.framework in Frameworks */,
				4A14EBEA169BCB260089250E /* Foundation.framework in Frameworks */,
				4A14EBEC169BCB260089250E /* CoreGraphics.framework in Frameworks */,
			);
			runOnlyForDeploymentPostprocessing = 0;
		};
/* End PBXFrameworksBuildPhase section */

/* Begin PBXGroup section */
		4A14EBD8169BCB260089250E = {
			isa = PBXGroup;
			children = (
				4A14EBED169BCB260089250E /* TextViewAccessoryViewTest */,
				4A14EBE6169BCB260089250E /* Frameworks */,
				4A14EBE4169BCB260089250E /* Products */,
			);
			sourceTree = "<group>";
		};
		4A14EBE4169BCB260089250E /* Products */ = {
			isa = PBXGroup;
			children = (
				4A14EBE3169BCB260089250E /* TextViewAccessoryViewTest.app */,
			);
			name = Products;
			sourceTree = "<group>";
		};
		4A14EBE6169BCB260089250E /* Frameworks */ = {
			isa = PBXGroup;
			children = (
				4A14EBE7169BCB260089250E /* UIKit.framework */,
				4A14EBE9169BCB260089250E /* Foundation.framework */,
				4A14EBEB169BCB260089250E /* CoreGraphics.framework */,
			);
			name = Frameworks;
			sourceTree = "<group>";
		};
		4A14EBED169BCB260089250E /* TextViewAccessoryViewTest */ = {
			isa = PBXGroup;
			children = (
				4A14EC14169BD8030089250E /* CommentInputAccessoryView.h */,
				4A14EC15169BD8030089250E /* CommentInputAccessoryView.m */,
				4A0B4EBD169C9913003D66AD /* CommentInputAccessoryViewListener.h */,
				4A0B4EBE169C9913003D66AD /* CommentInputAccessoryViewListener.m */,
				4A14EC0A169BCB3D0089250E /* CommentInputAccessoryView.xib */,
				4A14EC17169BD8E30089250E /* CommentInputAccessoryContainer.xib */,
				4A14EBF6169BCB260089250E /* AppDelegate.h */,
				4A14EBF7169BCB260089250E /* AppDelegate.m */,
				4A14EBFF169BCB260089250E /* MainStoryboard.storyboard */,
				4A14EC02169BCB260089250E /* ViewController.h */,
				4A14EC03169BCB260089250E /* ViewController.m */,
				4A14EBEE169BCB260089250E /* Supporting Files */,
				4A14EC25169BDFBB0089250E /* CustomKeyboardController.h */,
				4A14EC26169BDFBB0089250E /* CustomKeyboardController.m */,
				4A14EC27169BDFBB0089250E /* CustomKeyboardController.xib */,
			);
			path = TextViewAccessoryViewTest;
			sourceTree = "<group>";
		};
		4A14EBEE169BCB260089250E /* Supporting Files */ = {
			isa = PBXGroup;
			children = (
				4A14EBEF169BCB260089250E /* TextViewAccessoryViewTest-Info.plist */,
				4A14EBF0169BCB260089250E /* InfoPlist.strings */,
				4A14EBF3169BCB260089250E /* main.m */,
				4A14EBF5169BCB260089250E /* TextViewAccessoryViewTest-Prefix.pch */,
				4A14EBF9169BCB260089250E /* Default.png */,
				4A14EBFB169BCB260089250E /* Default@2x.png */,
				4A14EBFD169BCB260089250E /* Default-568h@2x.png */,
			);
			name = "Supporting Files";
			sourceTree = "<group>";
		};
/* End PBXGroup section */

/* Begin PBXNativeTarget section */
		4A14EBE2169BCB260089250E /* TextViewAccessoryViewTest */ = {
			isa = PBXNativeTarget;
			buildConfigurationList = 4A14EC07169BCB260089250E /* Build configuration list for PBXNativeTarget "TextViewAccessoryViewTest" */;
			buildPhases = (
				4A14EBDF169BCB260089250E /* Sources */,
				4A14EBE0169BCB260089250E /* Frameworks */,
				4A14EBE1169BCB260089250E /* Resources */,
			);
			buildRules = (
			);
			dependencies = (
			);
			name = TextViewAccessoryViewTest;
			productName = TextViewAccessoryViewTest;
			productReference = 4A14EBE3169BCB260089250E /* TextViewAccessoryViewTest.app */;
			productType = "com.apple.product-type.application";
		};
/* End PBXNativeTarget section */

/* Begin PBXProject section */
		4A14EBDA169BCB260089250E /* Project object */ = {
			isa = PBXProject;
			attributes = {
				LastUpgradeCheck = 0450;
				ORGANIZATIONNAME = "Chris Greenwood";
			};
			buildConfigurationList = 4A14EBDD169BCB260089250E /* Build configuration list for PBXProject "TextViewAccessoryViewTest" */;
			compatibilityVersion = "Xcode 3.2";
			developmentRegion = English;
			hasScannedForEncodings = 0;
			knownRegions = (
				en,
			);
			mainGroup = 4A14EBD8169BCB260089250E;
			productRefGroup = 4A14EBE4169BCB260089250E /* Products */;
			projectDirPath = "";
			projectRoot = "";
			targets = (
				4A14EBE2169BCB260089250E /* TextViewAccessoryViewTest */,
			);
		};
/* End PBXProject section */

/* Begin PBXResourcesBuildPhase section */
		4A14EBE1169BCB260089250E /* Resources */ = {
			isa = PBXResourcesBuildPhase;
			buildActionMask = 2147483647;
			files = (
				4A14EBF2169BCB260089250E /* InfoPlist.strings in Resources */,
				4A14EBFA169BCB260089250E /* Default.png in Resources */,
				4A14EBFC169BCB260089250E /* Default@2x.png in Resources */,
				4A14EBFE169BCB260089250E /* Default-568h@2x.png in Resources */,
				4A14EC01169BCB260089250E /* MainStoryboard.storyboard in Resources */,
				4A14EC0B169BCB3D0089250E /* CommentInputAccessoryView.xib in Resources */,
				4A14EC18169BD8E30089250E /* CommentInputAccessoryContainer.xib in Resources */,
				4A14EC29169BDFBB0089250E /* CustomKeyboardController.xib in Resources */,
			);
			runOnlyForDeploymentPostprocessing = 0;
		};
/* End PBXResourcesBuildPhase section */

/* Begin PBXSourcesBuildPhase section */
		4A14EBDF169BCB260089250E /* Sources */ = {
			isa = PBXSourcesBuildPhase;
			buildActionMask = 2147483647;
			files = (
				4A14EBF4169BCB260089250E /* main.m in Sources */,
				4A14EBF8169BCB260089250E /* AppDelegate.m in Sources */,
				4A14EC04169BCB260089250E /* ViewController.m in Sources */,
				4A14EC16169BD8030089250E /* CommentInputAccessoryView.m in Sources */,
				4A14EC28169BDFBB0089250E /* CustomKeyboardController.m in Sources */,
				4A0B4EBF169C9913003D66AD /* CommentInputAccessoryViewListener.m in Sources */,
			);
			runOnlyForDeploymentPostprocessing = 0;
		};
/* End PBXSourcesBuildPhase section */

/* Begin PBXVariantGroup section */
		4A14EBF0169BCB260089250E /* InfoPlist.strings */ = {
			isa = PBXVariantGroup;
			children = (
				4A14EBF1169BCB260089250E /* en */,
			);
			name = InfoPlist.strings;
			sourceTree = "<group>";
		};
		4A14EBFF169BCB260089250E /* MainStoryboard.storyboard */ = {
			isa = PBXVariantGroup;
			children = (
				4A14EC00169BCB260089250E /* en */,
			);
			name = MainStoryboard.storyboard;
			sourceTree = "<group>";
		};
/* End PBXVariantGroup section */

/* Begin XCBuildConfiguration section */
		4A14EC05169BCB260089250E /* Debug */ = {
			isa = XCBuildConfiguration;
			buildSettings = {
				ALWAYS_SEARCH_USER_PATHS = NO;
				CLANG_CXX_LANGUAGE_STANDARD = "gnu++0x";
				CLANG_CXX_LIBRARY = "libc++";
				CLANG_ENABLE_OBJC_ARC = YES;
				CLANG_WARN_EMPTY_BODY = YES;
				CLANG_WARN__DUPLICATE_METHOD_MATCH = YES;
				"CODE_SIGN_IDENTITY[sdk=iphoneos*]" = "iPhone Developer";
				COPY_PHASE_STRIP = NO;
				GCC_C_LANGUAGE_STANDARD = gnu99;
				GCC_DYNAMIC_NO_PIC = NO;
				GCC_OPTIMIZATION_LEVEL = 0;
				GCC_PREPROCESSOR_DEFINITIONS = (
					"DEBUG=1",
					"$(inherited)",
				);
				GCC_SYMBOLS_PRIVATE_EXTERN = NO;
				GCC_WARN_ABOUT_RETURN_TYPE = YES;
				GCC_WARN_UNINITIALIZED_AUTOS = YES;
				GCC_WARN_UNUSED_VARIABLE = YES;
				IPHONEOS_DEPLOYMENT_TARGET = 6.0;
				ONLY_ACTIVE_ARCH = YES;
				SDKROOT = iphoneos;
			};
			name = Debug;
		};
		4A14EC06169BCB260089250E /* Release */ = {
			isa = XCBuildConfiguration;
			buildSettings = {
				ALWAYS_SEARCH_USER_PATHS = NO;
				CLANG_CXX_LANGUAGE_STANDARD = "gnu++0x";
				CLANG_CXX_LIBRARY = "libc++";
				CLANG_ENABLE_OBJC_ARC = YES;
				CLANG_WARN_EMPTY_BODY = YES;
				CLANG_WARN__DUPLICATE_METHOD_MATCH = YES;
				"CODE_SIGN_IDENTITY[sdk=iphoneos*]" = "iPhone Developer";
				COPY_PHASE_STRIP = YES;
				GCC_C_LANGUAGE_STANDARD = gnu99;
				GCC_WARN_ABOUT_RETURN_TYPE = YES;
				GCC_WARN_UNINITIALIZED_AUTOS = YES;
				GCC_WARN_UNUSED_VARIABLE = YES;
				IPHONEOS_DEPLOYMENT_TARGET = 6.0;
				OTHER_CFLAGS = "-DNS_BLOCK_ASSERTIONS=1";
				SDKROOT = iphoneos;
				VALIDATE_PRODUCT = YES;
			};
			name = Release;
		};
		4A14EC08169BCB260089250E /* Debug */ = {
			isa = XCBuildConfiguration;
			buildSettings = {
				GCC_PRECOMPILE_PREFIX_HEADER = YES;
				GCC_PREFIX_HEADER = "TextViewAccessoryViewTest/TextViewAccessoryViewTest-Prefix.pch";
				INFOPLIST_FILE = "TextViewAccessoryViewTest/TextViewAccessoryViewTest-Info.plist";
				PRODUCT_NAME = "$(TARGET_NAME)";
				WRAPPER_EXTENSION = app;
			};
			name = Debug;
		};
		4A14EC09169BCB260089250E /* Release */ = {
			isa = XCBuildConfiguration;
			buildSettings = {
				GCC_PRECOMPILE_PREFIX_HEADER = YES;
				GCC_PREFIX_HEADER = "TextViewAccessoryViewTest/TextViewAccessoryViewTest-Prefix.pch";
				INFOPLIST_FILE = "TextViewAccessoryViewTest/TextViewAccessoryViewTest-Info.plist";
				PRODUCT_NAME = "$(TARGET_NAME)";
				WRAPPER_EXTENSION = app;
			};
			name = Release;
		};
/* End XCBuildConfiguration section */

/* Begin XCConfigurationList section */
		4A14EBDD169BCB260089250E /* Build configuration list for PBXProject "TextViewAccessoryViewTest" */ = {
			isa = XCConfigurationList;
			buildConfigurations = (
				4A14EC05169BCB260089250E /* Debug */,
				4A14EC06169BCB260089250E /* Release */,
			);
			defaultConfigurationIsVisible = 0;
			defaultConfigurationName = Release;
		};
		4A14EC07169BCB260089250E /* Build configuration list for PBXNativeTarget "TextViewAccessoryViewTest" */ = {
			isa = XCConfigurationList;
			buildConfigurations = (
				4A14EC08169BCB260089250E /* Debug */,
				4A14EC09169BCB260089250E /* Release */,
			);
			defaultConfigurationIsVisible = 0;
			defaultConfigurationName = Release;
		};
/* End XCConfigurationList section */
	};
	rootObject = 4A14EBDA169BCB260089250E /* Project object */;
}
